
Microsoft Visual Studio Solution File, Format Version 12.00
# Visual Studio 15
VisualStudioVersion = 15.0.28307.489
MinimumVisualStudioVersion = 10.0.40219.1
Project("{FAE04EC0-301F-11D3-BF4B-00C04F79EFBC}") = "SIMPL_build2", "SIMPL_build2\SIMPL_build2.csproj", "{20620F2A-0B6A-42B1-8C93-13379D280471}"
EndProject
Global
	GlobalSection(SolutionConfigurationPlatforms) = preSolution
		Debug|Any CPU = Debug|Any CPU
		Release|Any CPU = Release|Any CPU
	EndGlobalSection
	GlobalSection(ProjectConfigurationPlatforms) = postSolution
		{20620F2A-0B6A-42B1-8C93-13379D280471}.Debug|Any CPU.ActiveCfg = Debug|Any CPU
		{20620F2A-0B6A-42B1-8C93-13379D280471}.Debug|Any CPU.Build.0 = Debug|Any CPU
		{20620F2A-0B6A-42B1-8C93-13379D280471}.Release|Any CPU.ActiveCfg = Release|Any CPU
		{20620F2A-0B6A-42B1-8C93-13379D280471}.Release|Any CPU.Build.0 = Release|Any CPU
	EndGlobalSection
	GlobalSection(SolutionProperties) = preSolution
		HideSolutionNode = FALSE
	EndGlobalSection
	GlobalSection(ExtensibilityGlobals) = postSolution
		SolutionGuid = {D966A81B-33DD-48C1-BAE6-25E6D27880C2}
	EndGlobalSection
EndGlobal
